
Microsoft Visual Studio Solution File, Format Version 12.00
# Visual Studio Version 17
VisualStudioVersion = 17.0.31903.59
MinimumVisualStudioVersion = 10.0.40219.1
Project("{2150E333-8FDC-42A3-9474-1A3956D46DE8}") = "src", "src", "{827E0CD3-B72D-47B6-A68D-7590B98EB39B}"
EndProject
Project("{FAE04EC0-301F-11D3-BF4B-00C04F79EFBC}") = "RiftSentry", "src\RiftSentry\RiftSentry.csproj", "{2BA9A1CF-A4E4-4EC0-ABDE-04330A3DDE4C}"
EndProject
Project("{FAE04EC0-301F-11D3-BF4B-00C04F79EFBC}") = "RiftSentry.SyncContracts", "src\RiftSentry.SyncContracts\RiftSentry.SyncContracts.csproj", "{C3B36A8B-E38A-49A0-B577-D0D484664A7C}"
EndProject
Project("{FAE04EC0-301F-11D3-BF4B-00C04F79EFBC}") = "RiftSentry.SyncServer", "src\RiftSentry.SyncServer\RiftSentry.SyncServer.csproj", "{BF1351B2-FDF6-43EC-97B1-D6ACAF800743}"
EndProject
Project("{FAE04EC0-301F-11D3-BF4B-00C04F79EFBC}") = "RiftSentry.SyncServer.Tests", "src\RiftSentry.SyncServer.Tests\RiftSentry.SyncServer.Tests.csproj", "{B671F9AC-B4CD-4292-BF02-69E5F10DB90E}"
EndProject
Global
	GlobalSection(SolutionConfigurationPlatforms) = preSolution
		Debug|Any CPU = Debug|Any CPU
		Debug|x64 = Debug|x64
		Debug|x86 = Debug|x86
		Release|Any CPU = Release|Any CPU
		Release|x64 = Release|x64
		Release|x86 = Release|x86
	EndGlobalSection
	GlobalSection(ProjectConfigurationPlatforms) = postSolution
		{2BA9A1CF-A4E4-4EC0-ABDE-04330A3DDE4C}.Debug|Any CPU.ActiveCfg = Debug|Any CPU
		{2BA9A1CF-A4E4-4EC0-ABDE-04330A3DDE4C}.Debug|Any CPU.Build.0 = Debug|Any CPU
		{2BA9A1CF-A4E4-4EC0-ABDE-04330A3DDE4C}.Debug|x64.ActiveCfg = Debug|Any CPU
		{2BA9A1CF-A4E4-4EC0-ABDE-04330A3DDE4C}.Debug|x64.Build.0 = Debug|Any CPU
		{2BA9A1CF-A4E4-4EC0-ABDE-04330A3DDE4C}.Debug|x86.ActiveCfg = Debug|Any CPU
		{2BA9A1CF-A4E4-4EC0-ABDE-04330A3DDE4C}.Debug|x86.Build.0 = Debug|Any CPU
		{2BA9A1CF-A4E4-4EC0-ABDE-04330A3DDE4C}.Release|Any CPU.ActiveCfg = Release|Any CPU
		{2BA9A1CF-A4E4-4EC0-ABDE-04330A3DDE4C}.Release|Any CPU.Build.0 = Release|Any CPU
		{2BA9A1CF-A4E4-4EC0-ABDE-04330A3DDE4C}.Release|x64.ActiveCfg = Release|Any CPU
		{2BA9A1CF-A4E4-4EC0-ABDE-04330A3DDE4C}.Release|x64.Build.0 = Release|Any CPU
		{2BA9A1CF-A4E4-4EC0-ABDE-04330A3DDE4C}.Release|x86.ActiveCfg = Release|Any CPU
		{2BA9A1CF-A4E4-4EC0-ABDE-04330A3DDE4C}.Release|x86.Build.0 = Release|Any CPU
		{C3B36A8B-E38A-49A0-B577-D0D484664A7C}.Debug|Any CPU.ActiveCfg = Debug|Any CPU
		{C3B36A8B-E38A-49A0-B577-D0D484664A7C}.Debug|Any CPU.Build.0 = Debug|Any CPU
		{C3B36A8B-E38A-49A0-B577-D0D484664A7C}.Debug|x64.ActiveCfg = Debug|Any CPU
		{C3B36A8B-E38A-49A0-B577-D0D484664A7C}.Debug|x64.Build.0 = Debug|Any CPU
		{C3B36A8B-E38A-49A0-B577-D0D484664A7C}.Debug|x86.ActiveCfg = Debug|Any CPU
		{C3B36A8B-E38A-49A0-B577-D0D484664A7C}.Debug|x86.Build.0 = Debug|Any CPU
		{C3B36A8B-E38A-49A0-B577-D0D484664A7C}.Release|Any CPU.ActiveCfg = Release|Any CPU
		{C3B36A8B-E38A-49A0-B577-D0D484664A7C}.Release|Any CPU.Build.0 = Release|Any CPU
		{C3B36A8B-E38A-49A0-B577-D0D484664A7C}.Release|x64.ActiveCfg = Release|Any CPU
		{C3B36A8B-E38A-49A0-B577-D0D484664A7C}.Release|x64.Build.0 = Release|Any CPU
		{C3B36A8B-E38A-49A0-B577-D0D484664A7C}.Release|x86.ActiveCfg = Release|Any CPU
		{C3B36A8B-E38A-49A0-B577-D0D484664A7C}.Release|x86.Build.0 = Release|Any CPU
		{BF1351B2-FDF6-43EC-97B1-D6ACAF800743}.Debug|Any CPU.ActiveCfg = Debug|Any CPU
		{BF1351B2-FDF6-43EC-97B1-D6ACAF800743}.Debug|Any CPU.Build.0 = Debug|Any CPU
		{BF1351B2-FDF6-43EC-97B1-D6ACAF800743}.Debug|x64.ActiveCfg = Debug|Any CPU
		{BF1351B2-FDF6-43EC-97B1-D6ACAF800743}.Debug|x64.Build.0 = Debug|Any CPU
		{BF1351B2-FDF6-43EC-97B1-D6ACAF800743}.Debug|x86.ActiveCfg = Debug|Any CPU
		{BF1351B2-FDF6-43EC-97B1-D6ACAF800743}.Debug|x86.Build.0 = Debug|Any CPU
		{BF1351B2-FDF6-43EC-97B1-D6ACAF800743}.Release|Any CPU.ActiveCfg = Release|Any CPU
		{BF1351B2-FDF6-43EC-97B1-D6ACAF800743}.Release|Any CPU.Build.0 = Release|Any CPU
		{BF1351B2-FDF6-43EC-97B1-D6ACAF800743}.Release|x64.ActiveCfg = Release|Any CPU
		{BF1351B2-FDF6-43EC-97B1-D6ACAF800743}.Release|x64.Build.0 = Release|Any CPU
		{BF1351B2-FDF6-43EC-97B1-D6ACAF800743}.Release|x86.ActiveCfg = Release|Any CPU
		{BF1351B2-FDF6-43EC-97B1-D6ACAF800743}.Release|x86.Build.0 = Release|Any CPU
		{B671F9AC-B4CD-4292-BF02-69E5F10DB90E}.Debug|Any CPU.ActiveCfg = Debug|Any CPU
		{B671F9AC-B4CD-4292-BF02-69E5F10DB90E}.Debug|Any CPU.Build.0 = Debug|Any CPU
		{B671F9AC-B4CD-4292-BF02-69E5F10DB90E}.Debug|x64.ActiveCfg = Debug|Any CPU
		{B671F9AC-B4CD-4292-BF02-69E5F10DB90E}.Debug|x64.Build.0 = Debug|Any CPU
		{B671F9AC-B4CD-4292-BF02-69E5F10DB90E}.Debug|x86.ActiveCfg = Debug|Any CPU
		{B671F9AC-B4CD-4292-BF02-69E5F10DB90E}.Debug|x86.Build.0 = Debug|Any CPU
		{B671F9AC-B4CD-4292-BF02-69E5F10DB90E}.Release|Any CPU.ActiveCfg = Release|Any CPU
		{B671F9AC-B4CD-4292-BF02-69E5F10DB90E}.Release|Any CPU.Build.0 = Release|Any CPU
		{B671F9AC-B4CD-4292-BF02-69E5F10DB90E}.Release|x64.ActiveCfg = Release|Any CPU
		{B671F9AC-B4CD-4292-BF02-69E5F10DB90E}.Release|x64.Build.0 = Release|Any CPU
		{B671F9AC-B4CD-4292-BF02-69E5F10DB90E}.Release|x86.ActiveCfg = Release|Any CPU
		{B671F9AC-B4CD-4292-BF02-69E5F10DB90E}.Release|x86.Build.0 = Release|Any CPU
	EndGlobalSection
	GlobalSection(SolutionProperties) = preSolution
		HideSolutionNode = FALSE
	EndGlobalSection
	GlobalSection(NestedProjects) = preSolution
		{2BA9A1CF-A4E4-4EC0-ABDE-04330A3DDE4C} = {827E0CD3-B72D-47B6-A68D-7590B98EB39B}
		{C3B36A8B-E38A-49A0-B577-D0D484664A7C} = {827E0CD3-B72D-47B6-A68D-7590B98EB39B}
		{BF1351B2-FDF6-43EC-97B1-D6ACAF800743} = {827E0CD3-B72D-47B6-A68D-7590B98EB39B}
		{B671F9AC-B4CD-4292-BF02-69E5F10DB90E} = {827E0CD3-B72D-47B6-A68D-7590B98EB39B}
	EndGlobalSection
EndGlobal
